# This file is automatically @generated by Poetry 1.8.2 and should not be changed by hand.

[[package]]
name = "deltalake"
version = "0.16.2"
description = "Native Delta Lake Python binding based on delta-rs with Pandas integration"
optional = false
python-versions = ">=3.8"
files = [
    {file = "deltalake-0.16.2-cp38-abi3-macosx_10_12_x86_64.whl", hash = "sha256:5afe957335cf6af00cb9d1ab5b7d1715bc9df18a8d49cc94808db7d4bba81716"},
    {file = "deltalake-0.16.2-cp38-abi3-macosx_11_0_arm64.whl", hash = "sha256:fdb68ce8629fc66118e06c67f5c8ace7af37c380232b5e50f58bf7c10b1c7803"},
    {file = "deltalake-0.16.2-cp38-abi3-manylinux_2_17_aarch64.manylinux2014_aarch64.whl", hash = "sha256:ca8ca49f31782259fac7e2987277ca8a8114da34fbde28f622b5b39c5049eb28"},
    {file = "deltalake-0.16.2-cp38-abi3-manylinux_2_17_x86_64.manylinux2014_x86_64.whl", hash = "sha256:959c378f5f462d30a33768f73081108622f67617d84b2e54abf8290941cc2ff0"},
    {file = "deltalake-0.16.2-cp38-abi3-win_amd64.whl", hash = "sha256:8cfdf412c2d82ae352ce792d57c26d706eac8d3b9aa46357f2cdbc89ac842766"},
    {file = "deltalake-0.16.2.tar.gz", hash = "sha256:2df55ee56df6271685a877ca5c06edb0b2f94e38177857ed1a44016314a63b50"},
]

[package.dependencies]
pyarrow = ">=8"
pyarrow-hotfix = "*"

[package.extras]
devel = ["mypy (>=1.8.0,<1.9.0)", "packaging (>=20)", "pytest", "pytest-benchmark", "pytest-cov", "pytest-mock", "pytest-timeout", "ruff (>=0.3.0,<0.4.0)", "sphinx (<=4.5)", "sphinx-rtd-theme", "toml", "wheel"]
pandas = ["pandas"]
pyspark = ["delta-spark", "numpy (==1.22.2)", "pyspark"]

[[package]]
name = "duckdb"
version = "0.10.1"
description = "DuckDB in-process database"
optional = false
python-versions = ">=3.7.0"
files = [
    {file = "duckdb-0.10.1-cp310-cp310-macosx_10_9_universal2.whl", hash = "sha256:0ac172788e3d8e410e009e3699016a4d7f17b4c7cde20f98856fca1fea79d247"},
    {file = "duckdb-0.10.1-cp310-cp310-macosx_10_9_x86_64.whl", hash = "sha256:f754c20d3b963574da58b0d22029681b79c63f2e32060f10b687f41b7bba54d7"},
    {file = "duckdb-0.10.1-cp310-cp310-macosx_11_0_arm64.whl", hash = "sha256:6c68b1ef88b8cce185381ec69f437d20059c30623375bab41ac07a1104acdb57"},
    {file = "duckdb-0.10.1-cp310-cp310-manylinux_2_17_aarch64.manylinux2014_aarch64.whl", hash = "sha256:f566f615278844ea240c9a3497c0ef201331628f78e0f9f4d64f72f82210e750"},
    {file = "duckdb-0.10.1-cp310-cp310-manylinux_2_17_x86_64.manylinux2014_x86_64.whl", hash = "sha256:67d2996c3372a0f7d8f41f1c49e00ecdb26f83cdd9132b76730224ad68b1f1e3"},
    {file = "duckdb-0.10.1-cp310-cp310-manylinux_2_24_aarch64.manylinux_2_28_aarch64.whl", hash = "sha256:5c3b3a18a58eebabb426beafc2f7da01d59805d660fc909e5e143b6db04d881a"},
    {file = "duckdb-0.10.1-cp310-cp310-musllinux_1_1_x86_64.whl", hash = "sha256:343795d13ec3d8cd06c250225a05fd3c348c3ed49cccdde01addd46cb50f3559"},
    {file = "duckdb-0.10.1-cp310-cp310-win_amd64.whl", hash = "sha256:33f99c2e9e4060464673912312b4ec91060d66638756592c9484c62824ff4e85"},
    {file = "duckdb-0.10.1-cp311-cp311-macosx_10_9_universal2.whl", hash = "sha256:fdbe4173729043b2fd949be83135b035820bb2faf64648500563b16f3f6f02ee"},
    {file = "duckdb-0.10.1-cp311-cp311-macosx_10_9_x86_64.whl", hash = "sha256:f90738310a76bd1618acbc7345175582d36b6907cb0ed07841a3d800dea189d6"},
    {file = "duckdb-0.10.1-cp311-cp311-macosx_11_0_arm64.whl", hash = "sha256:0d14d00560832592cbac2817847b649bd1d573f125d064518afb6eec5b02e15a"},
    {file = "duckdb-0.10.1-cp311-cp311-manylinux_2_17_aarch64.manylinux2014_aarch64.whl", hash = "sha256:11c0bf253c96079c6139e8a0880300d80f4dc9f21a8c5c239d2ebc060b227d46"},
    {file = "duckdb-0.10.1-cp311-cp311-manylinux_2_17_x86_64.manylinux2014_x86_64.whl", hash = "sha256:dcc60833bb1a1fb2c33b052cf793fef48f681c565d982acff6ac7a86369794da"},
    {file = "duckdb-0.10.1-cp311-cp311-manylinux_2_24_aarch64.manylinux_2_28_aarch64.whl", hash = "sha256:88cdc0c2501dd7a65b1df2a76d7624b93d9b6d27febd2ee80b7e5643a0b40bcb"},
    {file = "duckdb-0.10.1-cp311-cp311-musllinux_1_1_x86_64.whl", hash = "sha256:698a8d1d48b150d344d8aa6dbc30a22ea30fb14ff2b15c90004fc9fcb0b3a3e9"},
    {file = "duckdb-0.10.1-cp311-cp311-win_amd64.whl", hash = "sha256:b450aa2b3e0eb1fc0f7ad276bd1e4a5a03b1a4def6c45366af17557de2cafbdf"},
    {file = "duckdb-0.10.1-cp312-cp312-macosx_10_9_universal2.whl", hash = "sha256:40dd55ea9c31abc69e5a8299f16c877e0b1950fd9a311c117efb4dd3c0dc8458"},
    {file = "duckdb-0.10.1-cp312-cp312-macosx_10_9_x86_64.whl", hash = "sha256:d7c1b3538bb9c2b49f48b26f092444525b22186efa4e77ba070603ed4a348a66"},
    {file = "duckdb-0.10.1-cp312-cp312-macosx_11_0_arm64.whl", hash = "sha256:bce024b69bae426b0739c470803f7b44261bdc0c0700ea7c41dff5f2d70ca4f3"},
    {file = "duckdb-0.10.1-cp312-cp312-manylinux_2_17_aarch64.manylinux2014_aarch64.whl", hash = "sha256:52af2a078340b2e1b57958477ebc1be07786d3ad5796777e87d4f453e0477b4c"},
    {file = "duckdb-0.10.1-cp312-cp312-manylinux_2_17_x86_64.manylinux2014_x86_64.whl", hash = "sha256:b3c52b08c773e52484542300339ebf295e3c9b12d5d7d49b2567e252c16205a7"},
    {file = "duckdb-0.10.1-cp312-cp312-manylinux_2_24_aarch64.manylinux_2_28_aarch64.whl", hash = "sha256:097aa9b6d5c9f5d3ed8c35b16020a67731d04befc35f6b89ccb5db9d5f1489c4"},
    {file = "duckdb-0.10.1-cp312-cp312-musllinux_1_1_x86_64.whl", hash = "sha256:b5a14a80ad09d65c270d16761b04ea6b074811cdfde6b5e4db1a8b0184125d1b"},
    {file = "duckdb-0.10.1-cp312-cp312-win_amd64.whl", hash = "sha256:7fb98dbbdbf8048b07223dc6e7401333bb4e83681dde4cded2d239051ea102b5"},
    {file = "duckdb-0.10.1-cp37-cp37m-macosx_10_9_x86_64.whl", hash = "sha256:28857b0d595c229827cc3631ae9b74ff52d11614435aa715e09d8629d2e1b609"},
    {file = "duckdb-0.10.1-cp37-cp37m-manylinux_2_17_aarch64.manylinux2014_aarch64.whl", hash = "sha256:6d85645136fc25026978b5db81869e8a120cfb60e1645a29a0f6dd155be9e59e"},
    {file = "duckdb-0.10.1-cp37-cp37m-manylinux_2_17_x86_64.manylinux2014_x86_64.whl", hash = "sha256:6e2e10582db74b99051e718279c1be204c98a63a5b6aa4e09226b7249e414146"},
    {file = "duckdb-0.10.1-cp37-cp37m-manylinux_2_24_aarch64.manylinux_2_28_aarch64.whl", hash = "sha256:d6a88358d86a8ce689fdd4136514aebedf958e910361156a0bb0e53dc3c55f7d"},
    {file = "duckdb-0.10.1-cp37-cp37m-musllinux_1_1_x86_64.whl", hash = "sha256:b025afa30fcdcede094386e7c519e6964d26de5ad95f4e04a2a0a713676d4465"},
    {file = "duckdb-0.10.1-cp37-cp37m-win_amd64.whl", hash = "sha256:910be5005de7427c5231a7200027e0adb951e048c612b895340effcd3e660d5a"},
    {file = "duckdb-0.10.1-cp38-cp38-macosx_10_9_universal2.whl", hash = "sha256:13d81752763f14203a53981f32bd09731900eb6fda4048fbc532eae5e7bf30e5"},
    {file = "duckdb-0.10.1-cp38-cp38-macosx_10_9_x86_64.whl", hash = "sha256:21858225b8a5c5dead128f62e4e88facdcbfdce098e18cbcd86a6cd8f48fb2b3"},
    {file = "duckdb-0.10.1-cp38-cp38-macosx_11_0_arm64.whl", hash = "sha256:8bf46d55685906729998eca70ee751934e0425d86863148e658277526c54282e"},
    {file = "duckdb-0.10.1-cp38-cp38-manylinux_2_17_aarch64.manylinux2014_aarch64.whl", hash = "sha256:1f786b4402b9c31461ea0520d919e2166df4f9e6e21fd3c7bb0035fa985b5dfe"},
    {file = "duckdb-0.10.1-cp38-cp38-manylinux_2_17_x86_64.manylinux2014_x86_64.whl", hash = "sha256:32e52c6e939a4bada220803e6bde6fc0ce870da5662a33cabdd3be14824183a6"},
    {file = "duckdb-0.10.1-cp38-cp38-manylinux_2_24_aarch64.manylinux_2_28_aarch64.whl", hash = "sha256:5c563b565ea68cfebe9c4078646503b3d38930218f9c3c278277d58952873771"},
    {file = "duckdb-0.10.1-cp38-cp38-musllinux_1_1_x86_64.whl", hash = "sha256:af8382280f24273a535e08b80e9383ad739c66e22855ce68716dfbaeaf8910b9"},
    {file = "duckdb-0.10.1-cp38-cp38-win_amd64.whl", hash = "sha256:2e6e01e2499e07873b09316bf4d6808f712c57034fa24c255565c4f92386e8e3"},
    {file = "duckdb-0.10.1-cp39-cp39-macosx_10_9_universal2.whl", hash = "sha256:7791a0aa2cea972a612d31d4a289c81c5d00181328ed4f7642907f68f8b1fb9f"},
    {file = "duckdb-0.10.1-cp39-cp39-macosx_10_9_x86_64.whl", hash = "sha256:1ace20383fb0ba06229e060a6bb0bcfd48a4582a02e43f05991720504508eb59"},
    {file = "duckdb-0.10.1-cp39-cp39-macosx_11_0_arm64.whl", hash = "sha256:5aad3e085c33253c689205b5ea3c5d9d54117c1249276c90d495cb85d9adce76"},
    {file = "duckdb-0.10.1-cp39-cp39-manylinux_2_17_aarch64.manylinux2014_aarch64.whl", hash = "sha256:fa08173f68e678793dfe6aab6490ac753204ca7935beb8dbde778dbe593552d8"},
    {file = "duckdb-0.10.1-cp39-cp39-manylinux_2_17_x86_64.manylinux2014_x86_64.whl", hash = "sha256:525efad4e6caff80d0f6a51d466470839146e3880da36d4544fee7ff842e7e20"},
    {file = "duckdb-0.10.1-cp39-cp39-manylinux_2_24_aarch64.manylinux_2_28_aarch64.whl", hash = "sha256:48d84577216010ee407913bad9dc47af4cbc65e479c91e130f7bd909a32caefe"},
    {file = "duckdb-0.10.1-cp39-cp39-musllinux_1_1_x86_64.whl", hash = "sha256:6e65f00294c3b8576ae651e91e732ea1cefc4aada89c307fb02f49231fd11e1f"},
    {file = "duckdb-0.10.1-cp39-cp39-win_amd64.whl", hash = "sha256:30aa9dbbfc1f9607249fc148af9e6d6fd253fdc2f4c9924d4957d6a535558b4f"},
    {file = "duckdb-0.10.1.tar.gz", hash = "sha256:0d5b6daa9bb54a635e371798994caa08f26d2f145ebcbc989e16b0a0104e84fb"},
]

[[package]]
name = "numpy"
version = "1.26.4"
description = "Fundamental package for array computing in Python"
optional = false
python-versions = ">=3.9"
files = [
    {file = "numpy-1.26.4-cp310-cp310-macosx_10_9_x86_64.whl", hash = "sha256:9ff0f4f29c51e2803569d7a51c2304de5554655a60c5d776e35b4a41413830d0"},
    {file = "numpy-1.26.4-cp310-cp310-macosx_11_0_arm64.whl", hash = "sha256:2e4ee3380d6de9c9ec04745830fd9e2eccb3e6cf790d39d7b98ffd19b0dd754a"},
    {file = "numpy-1.26.4-cp310-cp310-manylinux_2_17_aarch64.manylinux2014_aarch64.whl", hash = "sha256:d209d8969599b27ad20994c8e41936ee0964e6da07478d6c35016bc386b66ad4"},
    {file = "numpy-1.26.4-cp310-cp310-manylinux_2_17_x86_64.manylinux2014_x86_64.whl", hash = "sha256:ffa75af20b44f8dba823498024771d5ac50620e6915abac414251bd971b4529f"},
    {file = "numpy-1.26.4-cp310-cp310-musllinux_1_1_aarch64.whl", hash = "sha256:62b8e4b1e28009ef2846b4c7852046736bab361f7aeadeb6a5b89ebec3c7055a"},
    {file = "numpy-1.26.4-cp310-cp310-musllinux_1_1_x86_64.whl", hash = "sha256:a4abb4f9001ad2858e7ac189089c42178fcce737e4169dc61321660f1a96c7d2"},
    {file = "numpy-1.26.4-cp310-cp310-win32.whl", hash = "sha256:bfe25acf8b437eb2a8b2d49d443800a5f18508cd811fea3181723922a8a82b07"},
    {file = "numpy-1.26.4-cp310-cp310-win_amd64.whl", hash = "sha256:b97fe8060236edf3662adfc2c633f56a08ae30560c56310562cb4f95500022d5"},
    {file = "numpy-1.26.4-cp311-cp311-macosx_10_9_x86_64.whl", hash = "sha256:4c66707fabe114439db9068ee468c26bbdf909cac0fb58686a42a24de1760c71"},
    {file = "numpy-1.26.4-cp311-cp311-macosx_11_0_arm64.whl", hash = "sha256:edd8b5fe47dab091176d21bb6de568acdd906d1887a4584a15a9a96a1dca06ef"},
    {file = "numpy-1.26.4-cp311-cp311-manylinux_2_17_aarch64.manylinux2014_aarch64.whl", hash = "sha256:7ab55401287bfec946ced39700c053796e7cc0e3acbef09993a9ad2adba6ca6e"},
    {file = "numpy-1.26.4-cp311-cp311-manylinux_2_17_x86_64.manylinux2014_x86_64.whl", hash = "sha256:666dbfb6ec68962c033a450943ded891bed2d54e6755e35e5835d63f4f6931d5"},
    {file = "numpy-1.26.4-cp311-cp311-musllinux_1_1_aarch64.whl", hash = "sha256:96ff0b2ad353d8f990b63294c8986f1ec3cb19d749234014f4e7eb0112ceba5a"},
    {file = "numpy-1.26.4-cp311-cp311-musllinux_1_1_x86_64.whl", hash = "sha256:60dedbb91afcbfdc9bc0b1f3f402804070deed7392c23eb7a7f07fa857868e8a"},
    {file = "numpy-1.26.4-cp311-cp311-win32.whl", hash = "sha256:1af303d6b2210eb850fcf03064d364652b7120803a0b872f5211f5234b399f20"},
    {file = "numpy-1.26.4-cp311-cp311-win_amd64.whl", hash = "sha256:cd25bcecc4974d09257ffcd1f098ee778f7834c3ad767fe5db785be9a4aa9cb2"},
    {file = "numpy-1.26.4-cp312-cp312-macosx_10_9_x86_64.whl", hash = "sha256:b3ce300f3644fb06443ee2222c2201dd3a89ea6040541412b8fa189341847218"},
    {file = "numpy-1.26.4-cp312-cp312-macosx_11_0_arm64.whl", hash = "sha256:03a8c78d01d9781b28a6989f6fa1bb2c4f2d51201cf99d3dd875df6fbd96b23b"},
    {file = "numpy-1.26.4-cp312-cp312-manylinux_2_17_aarch64.manylinux2014_aarch64.whl", hash = "sha256:9fad7dcb1aac3c7f0584a5a8133e3a43eeb2fe127f47e3632d43d677c66c102b"},
    {file = "numpy-1.26.4-cp312-cp312-manylinux_2_17_x86_64.manylinux2014_x86_64.whl", hash = "sha256:675d61ffbfa78604709862923189bad94014bef562cc35cf61d3a07bba02a7ed"},
    {file = "numpy-1.26.4-cp312-cp312-musllinux_1_1_aarch64.whl", hash = "sha256:ab47dbe5cc8210f55aa58e4805fe224dac469cde56b9f731a4c098b91917159a"},
    {file = "numpy-1.26.4-cp312-cp312-musllinux_1_1_x86_64.whl", hash = "sha256:1dda2e7b4ec9dd512f84935c5f126c8bd8b9f2fc001e9f54af255e8c5f16b0e0"},
    {file = "numpy-1.26.4-cp312-cp312-win32.whl", hash = "sha256:50193e430acfc1346175fcbdaa28ffec49947a06918b7b92130744e81e640110"},
    {file = "numpy-1.26.4-cp312-cp312-win_amd64.whl", hash = "sha256:08beddf13648eb95f8d867350f6a018a4be2e5ad54c8d8caed89ebca558b2818"},
    {file = "numpy-1.26.4-cp39-cp39-macosx_10_9_x86_64.whl", hash = "sha256:7349ab0fa0c429c82442a27a9673fc802ffdb7c7775fad780226cb234965e53c"},
    {file = "numpy-1.26.4-cp39-cp39-macosx_11_0_arm64.whl", hash = "sha256:52b8b60467cd7dd1e9ed082188b4e6bb35aa5cdd01777621a1658910745b90be"},
    {file = "numpy-1.26.4-cp39-cp39-manylinux_2_17_aarch64.manylinux2014_aarch64.whl", hash = "sha256:d5241e0a80d808d70546c697135da2c613f30e28251ff8307eb72ba696945764"},
    {file = "numpy-1.26.4-cp39-cp39-manylinux_2_17_x86_64.manylinux2014_x86_64.whl", hash = "sha256:f870204a840a60da0b12273ef34f7051e98c3b5961b61b0c2c1be6dfd64fbcd3"},
    {file = "numpy-1.26.4-cp39-cp39-musllinux_1_1_aarch64.whl", hash = "sha256:679b0076f67ecc0138fd2ede3a8fd196dddc2ad3254069bcb9faf9a79b1cebcd"},
    {file = "numpy-1.26.4-cp39-cp39-musllinux_1_1_x86_64.whl", hash = "sha256:47711010ad8555514b434df65f7d7b076bb8261df1ca9bb78f53d3b2db02e95c"},
    {file = "numpy-1.26.4-cp39-cp39-win32.whl", hash = "sha256:a354325ee03388678242a4d7ebcd08b5c727033fcff3b2f536aea978e15ee9e6"},
    {file = "numpy-1.26.4-cp39-cp39-win_amd64.whl", hash = "sha256:3373d5d70a5fe74a2c1bb6d2cfd9609ecf686d47a2d7b1d37a8f3b6bf6003aea"},
    {file = "numpy-1.26.4-pp39-pypy39_pp73-macosx_10_9_x86_64.whl", hash = "sha256:afedb719a9dcfc7eaf2287b839d8198e06dcd4cb5d276a3df279231138e83d30"},
    {file = "numpy-1.26.4-pp39-pypy39_pp73-manylinux_2_17_x86_64.manylinux2014_x86_64.whl", hash = "sha256:95a7476c59002f2f6c590b9b7b998306fba6a5aa646b1e22ddfeaf8f78c3a29c"},
    {file = "numpy-1.26.4-pp39-pypy39_pp73-win_amd64.whl", hash = "sha256:7e50d0a0cc3189f9cb0aeb3a6a6af18c16f59f004b866cd2be1c14b36134a4a0"},
    {file = "numpy-1.26.4.tar.gz", hash = "sha256:2a02aba9ed12e4ac4eb3ea9421c420301a0c6460d9830d74a9df87efa4912010"},
]

[[package]]
name = "polars"
version = "0.20.16"
description = "Blazingly fast DataFrame library"
optional = false
python-versions = ">=3.8"
files = [
    {file = "polars-0.20.16-cp38-abi3-macosx_10_12_x86_64.whl", hash = "sha256:7530148621b541221b8a36cfad27cc576d77c0739e82d8383ee3a699935a5f63"},
    {file = "polars-0.20.16-cp38-abi3-macosx_11_0_arm64.whl", hash = "sha256:92241d9aeb29de7c503d3b4f9191181f0831dd546ee6770e5c6fae3cead98edb"},
    {file = "polars-0.20.16-cp38-abi3-manylinux_2_17_x86_64.manylinux2014_x86_64.whl", hash = "sha256:2b48593c44a20f09f1eb1449ea43e2e5a4adf3c82faf1fba797fb7364cfa2ca4"},
    {file = "polars-0.20.16-cp38-abi3-manylinux_2_24_aarch64.whl", hash = "sha256:0c504cfdc88f3e4262d5ecf637c10ae154565b94250ee4263a9f5f346397cf98"},
    {file = "polars-0.20.16-cp38-abi3-win_amd64.whl", hash = "sha256:a1fa24ea374ff05766e43fe2f079d62edd682ade19e3e2d68526e9c7a3e23ddf"},
    {file = "polars-0.20.16.tar.gz", hash = "sha256:7a9ebb85bfc9dd964490612b6fee2afbde91eee6bfaa590b731c7868d225210b"},
]

[package.extras]
adbc = ["adbc-driver-manager", "adbc-driver-sqlite"]
all = ["polars[adbc,cloudpickle,connectorx,deltalake,fastexcel,fsspec,gevent,numpy,pandas,plot,pyarrow,pydantic,pyiceberg,sqlalchemy,timezone,xlsx2csv,xlsxwriter]"]
cloudpickle = ["cloudpickle"]
connectorx = ["connectorx (>=0.3.2)"]
deltalake = ["deltalake (>=0.14.0)"]
fastexcel = ["fastexcel (>=0.9)"]
fsspec = ["fsspec"]
gevent = ["gevent"]
matplotlib = ["matplotlib"]
numpy = ["numpy (>=1.16.0)"]
openpyxl = ["openpyxl (>=3.0.0)"]
pandas = ["pandas", "pyarrow (>=7.0.0)"]
plot = ["hvplot (>=0.9.1)"]
pyarrow = ["pyarrow (>=7.0.0)"]
pydantic = ["pydantic"]
pyiceberg = ["pyiceberg (>=0.5.0)"]
pyxlsb = ["pyxlsb (>=1.0)"]
sqlalchemy = ["pandas", "sqlalchemy"]
timezone = ["backports-zoneinfo", "tzdata"]
xlsx2csv = ["xlsx2csv (>=0.8.0)"]
xlsxwriter = ["xlsxwriter"]

[[package]]
name = "pyarrow"
version = "15.0.2"
description = "Python library for Apache Arrow"
optional = false
python-versions = ">=3.8"
files = [
    {file = "pyarrow-15.0.2-cp310-cp310-macosx_10_15_x86_64.whl", hash = "sha256:88b340f0a1d05b5ccc3d2d986279045655b1fe8e41aba6ca44ea28da0d1455d8"},
    {file = "pyarrow-15.0.2-cp310-cp310-macosx_11_0_arm64.whl", hash = "sha256:eaa8f96cecf32da508e6c7f69bb8401f03745c050c1dd42ec2596f2e98deecac"},
    {file = "pyarrow-15.0.2-cp310-cp310-manylinux_2_17_aarch64.manylinux2014_aarch64.whl", hash = "sha256:23c6753ed4f6adb8461e7c383e418391b8d8453c5d67e17f416c3a5d5709afbd"},
    {file = "pyarrow-15.0.2-cp310-cp310-manylinux_2_17_x86_64.manylinux2014_x86_64.whl", hash = "sha256:f639c059035011db8c0497e541a8a45d98a58dbe34dc8fadd0ef128f2cee46e5"},
    {file = "pyarrow-15.0.2-cp310-cp310-manylinux_2_28_aarch64.whl", hash = "sha256:290e36a59a0993e9a5224ed2fb3e53375770f07379a0ea03ee2fce2e6d30b423"},
    {file = "pyarrow-15.0.2-cp310-cp310-manylinux_2_28_x86_64.whl", hash = "sha256:06c2bb2a98bc792f040bef31ad3e9be6a63d0cb39189227c08a7d955db96816e"},
    {file = "pyarrow-15.0.2-cp310-cp310-win_amd64.whl", hash = "sha256:f7a197f3670606a960ddc12adbe8075cea5f707ad7bf0dffa09637fdbb89f76c"},
    {file = "pyarrow-15.0.2-cp311-cp311-macosx_10_15_x86_64.whl", hash = "sha256:5f8bc839ea36b1f99984c78e06e7a06054693dc2af8920f6fb416b5bca9944e4"},
    {file = "pyarrow-15.0.2-cp311-cp311-macosx_11_0_arm64.whl", hash = "sha256:f5e81dfb4e519baa6b4c80410421528c214427e77ca0ea9461eb4097c328fa33"},
    {file = "pyarrow-15.0.2-cp311-cp311-manylinux_2_17_aarch64.manylinux2014_aarch64.whl", hash = "sha256:3a4f240852b302a7af4646c8bfe9950c4691a419847001178662a98915fd7ee7"},
    {file = "pyarrow-15.0.2-cp311-cp311-manylinux_2_17_x86_64.manylinux2014_x86_64.whl", hash = "sha256:4e7d9cfb5a1e648e172428c7a42b744610956f3b70f524aa3a6c02a448ba853e"},
    {file = "pyarrow-15.0.2-cp311-cp311-manylinux_2_28_aarch64.whl", hash = "sha256:2d4f905209de70c0eb5b2de6763104d5a9a37430f137678edfb9a675bac9cd98"},
    {file = "pyarrow-15.0.2-cp311-cp311-manylinux_2_28_x86_64.whl", hash = "sha256:90adb99e8ce5f36fbecbbc422e7dcbcbed07d985eed6062e459e23f9e71fd197"},
    {file = "pyarrow-15.0.2-cp311-cp311-win_amd64.whl", hash = "sha256:b116e7fd7889294cbd24eb90cd9bdd3850be3738d61297855a71ac3b8124ee38"},
    {file = "pyarrow-15.0.2-cp312-cp312-macosx_10_15_x86_64.whl", hash = "sha256:25335e6f1f07fdaa026a61c758ee7d19ce824a866b27bba744348fa73bb5a440"},
    {file = "pyarrow-15.0.2-cp312-cp312-macosx_11_0_arm64.whl", hash = "sha256:90f19e976d9c3d8e73c80be84ddbe2f830b6304e4c576349d9360e335cd627fc"},
    {file = "pyarrow-15.0.2-cp312-cp312-manylinux_2_17_aarch64.manylinux2014_aarch64.whl", hash = "sha256:a22366249bf5fd40ddacc4f03cd3160f2d7c247692945afb1899bab8a140ddfb"},
    {file = "pyarrow-15.0.2-cp312-cp312-manylinux_2_17_x86_64.manylinux2014_x86_64.whl", hash = "sha256:c2a335198f886b07e4b5ea16d08ee06557e07db54a8400cc0d03c7f6a22f785f"},
    {file = "pyarrow-15.0.2-cp312-cp312-manylinux_2_28_aarch64.whl", hash = "sha256:3e6d459c0c22f0b9c810a3917a1de3ee704b021a5fb8b3bacf968eece6df098f"},
    {file = "pyarrow-15.0.2-cp312-cp312-manylinux_2_28_x86_64.whl", hash = "sha256:033b7cad32198754d93465dcfb71d0ba7cb7cd5c9afd7052cab7214676eec38b"},
    {file = "pyarrow-15.0.2-cp312-cp312-win_amd64.whl", hash = "sha256:29850d050379d6e8b5a693098f4de7fd6a2bea4365bfd073d7c57c57b95041ee"},
    {file = "pyarrow-15.0.2-cp38-cp38-macosx_10_15_x86_64.whl", hash = "sha256:7167107d7fb6dcadb375b4b691b7e316f4368f39f6f45405a05535d7ad5e5058"},
    {file = "pyarrow-15.0.2-cp38-cp38-macosx_11_0_arm64.whl", hash = "sha256:e85241b44cc3d365ef950432a1b3bd44ac54626f37b2e3a0cc89c20e45dfd8bf"},
    {file = "pyarrow-15.0.2-cp38-cp38-manylinux_2_17_aarch64.manylinux2014_aarch64.whl", hash = "sha256:248723e4ed3255fcd73edcecc209744d58a9ca852e4cf3d2577811b6d4b59818"},
    {file = "pyarrow-15.0.2-cp38-cp38-manylinux_2_17_x86_64.manylinux2014_x86_64.whl", hash = "sha256:3ff3bdfe6f1b81ca5b73b70a8d482d37a766433823e0c21e22d1d7dde76ca33f"},
    {file = "pyarrow-15.0.2-cp38-cp38-manylinux_2_28_aarch64.whl", hash = "sha256:f3d77463dee7e9f284ef42d341689b459a63ff2e75cee2b9302058d0d98fe142"},
    {file = "pyarrow-15.0.2-cp38-cp38-manylinux_2_28_x86_64.whl", hash = "sha256:8c1faf2482fb89766e79745670cbca04e7018497d85be9242d5350cba21357e1"},
    {file = "pyarrow-15.0.2-cp38-cp38-win_amd64.whl", hash = "sha256:28f3016958a8e45a1069303a4a4f6a7d4910643fc08adb1e2e4a7ff056272ad3"},
    {file = "pyarrow-15.0.2-cp39-cp39-macosx_10_15_x86_64.whl", hash = "sha256:89722cb64286ab3d4daf168386f6968c126057b8c7ec3ef96302e81d8cdb8ae4"},
    {file = "pyarrow-15.0.2-cp39-cp39-macosx_11_0_arm64.whl", hash = "sha256:cd0ba387705044b3ac77b1b317165c0498299b08261d8122c96051024f953cd5"},
    {file = "pyarrow-15.0.2-cp39-cp39-manylinux_2_17_aarch64.manylinux2014_aarch64.whl", hash = "sha256:ad2459bf1f22b6a5cdcc27ebfd99307d5526b62d217b984b9f5c974651398832"},
    {file = "pyarrow-15.0.2-cp39-cp39-manylinux_2_17_x86_64.manylinux2014_x86_64.whl", hash = "sha256:58922e4bfece8b02abf7159f1f53a8f4d9f8e08f2d988109126c17c3bb261f22"},
    {file = "pyarrow-15.0.2-cp39-cp39-manylinux_2_28_aarch64.whl", hash = "sha256:adccc81d3dc0478ea0b498807b39a8d41628fa9210729b2f718b78cb997c7c91"},
    {file = "pyarrow-15.0.2-cp39-cp39-manylinux_2_28_x86_64.whl", hash = "sha256:8bd2baa5fe531571847983f36a30ddbf65261ef23e496862ece83bdceb70420d"},
    {file = "pyarrow-15.0.2-cp39-cp39-win_amd64.whl", hash = "sha256:6669799a1d4ca9da9c7e06ef48368320f5856f36f9a4dd31a11839dda3f6cc8c"},
    {file = "pyarrow-15.0.2.tar.gz", hash = "sha256:9c9bc803cb3b7bfacc1e96ffbfd923601065d9d3f911179d81e72d99fd74a3d9"},
]

[package.dependencies]
numpy = ">=1.16.6,<2"

[[package]]
name = "pyarrow-hotfix"
version = "0.6"
description = ""
optional = false
python-versions = ">=3.5"
files = [
    {file = "pyarrow_hotfix-0.6-py3-none-any.whl", hash = "sha256:dcc9ae2d220dff0083be6a9aa8e0cdee5182ad358d4931fce825c545e5c89178"},
    {file = "pyarrow_hotfix-0.6.tar.gz", hash = "sha256:79d3e030f7ff890d408a100ac16d6f00b14d44a502d7897cd9fc3e3a534e9945"},
]

[metadata]
lock-version = "2.0"
python-versions = "^3.12"
content-hash = "901307eef9bf6e0160a1ea1951ec0c9782c77fae3b5e79d5696882baa19a4ca8"
